
Microsoft Visual Studio Solution File, Format Version 12.00
# Visual Studio Version 16
VisualStudioVersion = 16.0.30804.86
MinimumVisualStudioVersion = 10.0.40219.1
Project("{FAE04EC0-301F-11D3-BF4B-00C04F79EFBC}") = "MyDictionary", "MyDictionary\MyDictionary.csproj", "{FA66992D-43CC-43F4-99F5-C9DABF9E97E3}"
EndProject
Global
	GlobalSection(SolutionConfigurationPlatforms) = preSolution
		Debug|Any CPU = Debug|Any CPU
		Release|Any CPU = Release|Any CPU
	EndGlobalSection
	GlobalSection(ProjectConfigurationPlatforms) = postSolution
		{FA66992D-43CC-43F4-99F5-C9DABF9E97E3}.Debug|Any CPU.ActiveCfg = Debug|Any CPU
		{FA66992D-43CC-43F4-99F5-C9DABF9E97E3}.Debug|Any CPU.Build.0 = Debug|Any CPU
		{FA66992D-43CC-43F4-99F5-C9DABF9E97E3}.Release|Any CPU.ActiveCfg = Release|Any CPU
		{FA66992D-43CC-43F4-99F5-C9DABF9E97E3}.Release|Any CPU.Build.0 = Release|Any CPU
	EndGlobalSection
	GlobalSection(SolutionProperties) = preSolution
		HideSolutionNode = FALSE
	EndGlobalSection
	GlobalSection(ExtensibilityGlobals) = postSolution
		SolutionGuid = {D2B849BB-BD89-4A51-BD99-21FD416C49EB}
	EndGlobalSection
EndGlobal
